
Microsoft Visual Studio Solution File, Format Version 12.00
# Visual Studio Version 18
VisualStudioVersion = 18.0.11123.170 d18.0
MinimumVisualStudioVersion = 10.0.40219.1
Project("{FAE04EC0-301F-11D3-BF4B-00C04F79EFBC}") = "iSkorpionA12", "iSkorpionA12\iSkorpionA12.csproj", "{6652CD96-38E9-4F0B-A8AE-D0C5E1AF1A7E}"
EndProject
Global
	GlobalSection(SolutionConfigurationPlatforms) = preSolution
		Debug|Any CPU = Debug|Any CPU
		Debug|x64 = Debug|x64
		Release|Any CPU = Release|Any CPU
		Release|x64 = Release|x64
	EndGlobalSection
	GlobalSection(ProjectConfigurationPlatforms) = postSolution
		{6652CD96-38E9-4F0B-A8AE-D0C5E1AF1A7E}.Debug|Any CPU.ActiveCfg = Debug|Any CPU
		{6652CD96-38E9-4F0B-A8AE-D0C5E1AF1A7E}.Debug|Any CPU.Build.0 = Debug|Any CPU
		{6652CD96-38E9-4F0B-A8AE-D0C5E1AF1A7E}.Debug|x64.ActiveCfg = Debug|x64
		{6652CD96-38E9-4F0B-A8AE-D0C5E1AF1A7E}.Debug|x64.Build.0 = Debug|x64
		{6652CD96-38E9-4F0B-A8AE-D0C5E1AF1A7E}.Release|Any CPU.ActiveCfg = Release|Any CPU
		{6652CD96-38E9-4F0B-A8AE-D0C5E1AF1A7E}.Release|Any CPU.Build.0 = Release|Any CPU
		{6652CD96-38E9-4F0B-A8AE-D0C5E1AF1A7E}.Release|x64.ActiveCfg = Release|x64
		{6652CD96-38E9-4F0B-A8AE-D0C5E1AF1A7E}.Release|x64.Build.0 = Release|x64
	EndGlobalSection
	GlobalSection(SolutionProperties) = preSolution
		HideSolutionNode = FALSE
	EndGlobalSection
	GlobalSection(ExtensibilityGlobals) = postSolution
		SolutionGuid = {56DCABCC-94DD-498A-9C89-0ACF30CB2089}
	EndGlobalSection
EndGlobal
